
Microsoft Visual Studio Solution File, Format Version 12.00
# Visual Studio 15
VisualStudioVersion = 15.0.28307.779
MinimumVisualStudioVersion = 10.0.40219.1
Project("{9A19103F-16F7-4668-BE54-9A1E7A4F7556}") = "Minesweeper", "Minesweeper\Minesweeper.csproj", "{EBB299B0-AB10-4BF9-B5AF-FA7346C5A1A4}"
EndProject
Project("{9A19103F-16F7-4668-BE54-9A1E7A4F7556}") = "Common", "Common\Common.csproj", "{04899E4F-D4D1-4E4B-B872-0FAE0EBB6E5C}"
EndProject
Global
	GlobalSection(SolutionConfigurationPlatforms) = preSolution
		Debug|Any CPU = Debug|Any CPU
		Release|Any CPU = Release|Any CPU
	EndGlobalSection
	GlobalSection(ProjectConfigurationPlatforms) = postSolution
		{EBB299B0-AB10-4BF9-B5AF-FA7346C5A1A4}.Debug|Any CPU.ActiveCfg = Debug|Any CPU
		{EBB299B0-AB10-4BF9-B5AF-FA7346C5A1A4}.Debug|Any CPU.Build.0 = Debug|Any CPU
		{EBB299B0-AB10-4BF9-B5AF-FA7346C5A1A4}.Release|Any CPU.ActiveCfg = Release|Any CPU
		{EBB299B0-AB10-4BF9-B5AF-FA7346C5A1A4}.Release|Any CPU.Build.0 = Release|Any CPU
		{04899E4F-D4D1-4E4B-B872-0FAE0EBB6E5C}.Debug|Any CPU.ActiveCfg = Debug|Any CPU
		{04899E4F-D4D1-4E4B-B872-0FAE0EBB6E5C}.Debug|Any CPU.Build.0 = Debug|Any CPU
		{04899E4F-D4D1-4E4B-B872-0FAE0EBB6E5C}.Release|Any CPU.ActiveCfg = Release|Any CPU
		{04899E4F-D4D1-4E4B-B872-0FAE0EBB6E5C}.Release|Any CPU.Build.0 = Release|Any CPU
	EndGlobalSection
	GlobalSection(SolutionProperties) = preSolution
		HideSolutionNode = FALSE
	EndGlobalSection
	GlobalSection(ExtensibilityGlobals) = postSolution
		SolutionGuid = {86CAD395-976C-4796-BC5C-08C9FEE0CC99}
	EndGlobalSection
EndGlobal
